
Microsoft Visual Studio Solution File, Format Version 12.00
# Visual Studio 15
VisualStudioVersion = 15.0.27428.2043
MinimumVisualStudioVersion = 10.0.40219.1
Project("{FAE04EC0-301F-11D3-BF4B-00C04F79EFBC}") = "Client32", "Client32\Client32.csproj", "{5F17C8E2-C20B-4B56-B2D7-22F022B0F366}"
EndProject
Project("{FAE04EC0-301F-11D3-BF4B-00C04F79EFBC}") = "Client64", "Client64\Client64.csproj", "{1EAFD603-A099-4B90-951A-DD7B2CA0A404}"
EndProject
Project("{FAE04EC0-301F-11D3-BF4B-00C04F79EFBC}") = "IPC", "IPC\IPC.csproj", "{C336931A-B9B3-4347-A90F-5E97031DD85F}"
EndProject
Global
	GlobalSection(SolutionConfigurationPlatforms) = preSolution
		Debug|Any CPU = Debug|Any CPU
		Release|Any CPU = Release|Any CPU
	EndGlobalSection
	GlobalSection(ProjectConfigurationPlatforms) = postSolution
		{5F17C8E2-C20B-4B56-B2D7-22F022B0F366}.Debug|Any CPU.ActiveCfg = Debug|Any CPU
		{5F17C8E2-C20B-4B56-B2D7-22F022B0F366}.Debug|Any CPU.Build.0 = Debug|Any CPU
		{5F17C8E2-C20B-4B56-B2D7-22F022B0F366}.Release|Any CPU.ActiveCfg = Release|Any CPU
		{5F17C8E2-C20B-4B56-B2D7-22F022B0F366}.Release|Any CPU.Build.0 = Release|Any CPU
		{1EAFD603-A099-4B90-951A-DD7B2CA0A404}.Debug|Any CPU.ActiveCfg = Debug|Any CPU
		{1EAFD603-A099-4B90-951A-DD7B2CA0A404}.Debug|Any CPU.Build.0 = Debug|Any CPU
		{1EAFD603-A099-4B90-951A-DD7B2CA0A404}.Release|Any CPU.ActiveCfg = Release|Any CPU
		{1EAFD603-A099-4B90-951A-DD7B2CA0A404}.Release|Any CPU.Build.0 = Release|Any CPU
		{C336931A-B9B3-4347-A90F-5E97031DD85F}.Debug|Any CPU.ActiveCfg = Debug|Any CPU
		{C336931A-B9B3-4347-A90F-5E97031DD85F}.Debug|Any CPU.Build.0 = Debug|Any CPU
		{C336931A-B9B3-4347-A90F-5E97031DD85F}.Release|Any CPU.ActiveCfg = Release|Any CPU
		{C336931A-B9B3-4347-A90F-5E97031DD85F}.Release|Any CPU.Build.0 = Release|Any CPU
	EndGlobalSection
	GlobalSection(SolutionProperties) = preSolution
		HideSolutionNode = FALSE
	EndGlobalSection
	GlobalSection(ExtensibilityGlobals) = postSolution
		SolutionGuid = {68759376-D41B-49F3-A862-A099D3E726B4}
	EndGlobalSection
EndGlobal
